
Microsoft Visual Studio Solution File, Format Version 12.00
# Visual Studio Version 17
VisualStudioVersion = 17.0.31903.59
MinimumVisualStudioVersion = 10.0.40219.1
Project("{2150E333-8FDC-42A3-9474-1A3956D46DE8}") = "src", "src", "{827E0CD3-B72D-47B6-A68D-7590B98EB39B}"
EndProject
Project("{FAE04EC0-301F-11D3-BF4B-00C04F79EFBC}") = "SelectCast.Core", "src\SelectCast.Core\SelectCast.Core.csproj", "{8165E9E5-6155-480B-9DC2-78445ED084A8}"
EndProject
Project("{FAE04EC0-301F-11D3-BF4B-00C04F79EFBC}") = "SelectCast.App", "src\SelectCast.App\SelectCast.App.csproj", "{3B25C644-B295-41E4-9309-9849FF560C86}"
EndProject
Project("{FAE04EC0-301F-11D3-BF4B-00C04F79EFBC}") = "SelectCast.Core.Tests", "tests\SelectCast.Core.Tests\SelectCast.Core.Tests.csproj", "{9961E2F9-7B5F-4642-A984-313639BAB92E}"
EndProject
Global
	GlobalSection(SolutionConfigurationPlatforms) = preSolution
		Debug|Any CPU = Debug|Any CPU
		Debug|x64 = Debug|x64
		Debug|x86 = Debug|x86
		Release|Any CPU = Release|Any CPU
		Release|x64 = Release|x64
		Release|x86 = Release|x86
	EndGlobalSection
	GlobalSection(ProjectConfigurationPlatforms) = postSolution
		{8165E9E5-6155-480B-9DC2-78445ED084A8}.Debug|Any CPU.ActiveCfg = Debug|Any CPU
		{8165E9E5-6155-480B-9DC2-78445ED084A8}.Debug|Any CPU.Build.0 = Debug|Any CPU
		{8165E9E5-6155-480B-9DC2-78445ED084A8}.Debug|x64.ActiveCfg = Debug|Any CPU
		{8165E9E5-6155-480B-9DC2-78445ED084A8}.Debug|x64.Build.0 = Debug|Any CPU
		{8165E9E5-6155-480B-9DC2-78445ED084A8}.Debug|x86.ActiveCfg = Debug|Any CPU
		{8165E9E5-6155-480B-9DC2-78445ED084A8}.Debug|x86.Build.0 = Debug|Any CPU
		{8165E9E5-6155-480B-9DC2-78445ED084A8}.Release|Any CPU.ActiveCfg = Release|Any CPU
		{8165E9E5-6155-480B-9DC2-78445ED084A8}.Release|Any CPU.Build.0 = Release|Any CPU
		{8165E9E5-6155-480B-9DC2-78445ED084A8}.Release|x64.ActiveCfg = Release|Any CPU
		{8165E9E5-6155-480B-9DC2-78445ED084A8}.Release|x64.Build.0 = Release|Any CPU
		{8165E9E5-6155-480B-9DC2-78445ED084A8}.Release|x86.ActiveCfg = Release|Any CPU
		{8165E9E5-6155-480B-9DC2-78445ED084A8}.Release|x86.Build.0 = Release|Any CPU
		{3B25C644-B295-41E4-9309-9849FF560C86}.Debug|Any CPU.ActiveCfg = Debug|Any CPU
		{3B25C644-B295-41E4-9309-9849FF560C86}.Debug|Any CPU.Build.0 = Debug|Any CPU
		{3B25C644-B295-41E4-9309-9849FF560C86}.Debug|x64.ActiveCfg = Debug|Any CPU
		{3B25C644-B295-41E4-9309-9849FF560C86}.Debug|x64.Build.0 = Debug|Any CPU
		{3B25C644-B295-41E4-9309-9849FF560C86}.Debug|x86.ActiveCfg = Debug|Any CPU
		{3B25C644-B295-41E4-9309-9849FF560C86}.Debug|x86.Build.0 = Debug|Any CPU
		{3B25C644-B295-41E4-9309-9849FF560C86}.Release|Any CPU.ActiveCfg = Release|Any CPU
		{3B25C644-B295-41E4-9309-9849FF560C86}.Release|Any CPU.Build.0 = Release|Any CPU
		{3B25C644-B295-41E4-9309-9849FF560C86}.Release|x64.ActiveCfg = Release|Any CPU
		{3B25C644-B295-41E4-9309-9849FF560C86}.Release|x64.Build.0 = Release|Any CPU
		{3B25C644-B295-41E4-9309-9849FF560C86}.Release|x86.ActiveCfg = Release|Any CPU
		{3B25C644-B295-41E4-9309-9849FF560C86}.Release|x86.Build.0 = Release|Any CPU
		{9961E2F9-7B5F-4642-A984-313639BAB92E}.Debug|Any CPU.ActiveCfg = Debug|Any CPU
		{9961E2F9-7B5F-4642-A984-313639BAB92E}.Debug|Any CPU.Build.0 = Debug|Any CPU
		{9961E2F9-7B5F-4642-A984-313639BAB92E}.Debug|x64.ActiveCfg = Debug|Any CPU
		{9961E2F9-7B5F-4642-A984-313639BAB92E}.Debug|x64.Build.0 = Debug|Any CPU
		{9961E2F9-7B5F-4642-A984-313639BAB92E}.Debug|x86.ActiveCfg = Debug|Any CPU
		{9961E2F9-7B5F-4642-A984-313639BAB92E}.Debug|x86.Build.0 = Debug|Any CPU
		{9961E2F9-7B5F-4642-A984-313639BAB92E}.Release|Any CPU.ActiveCfg = Release|Any CPU
		{9961E2F9-7B5F-4642-A984-313639BAB92E}.Release|Any CPU.Build.0 = Release|Any CPU
		{9961E2F9-7B5F-4642-A984-313639BAB92E}.Release|x64.ActiveCfg = Release|Any CPU
		{9961E2F9-7B5F-4642-A984-313639BAB92E}.Release|x64.Build.0 = Release|Any CPU
		{9961E2F9-7B5F-4642-A984-313639BAB92E}.Release|x86.ActiveCfg = Release|Any CPU
		{9961E2F9-7B5F-4642-A984-313639BAB92E}.Release|x86.Build.0 = Release|Any CPU
	EndGlobalSection
	GlobalSection(SolutionProperties) = preSolution
		HideSolutionNode = FALSE
	EndGlobalSection
	GlobalSection(NestedProjects) = preSolution
		{8165E9E5-6155-480B-9DC2-78445ED084A8} = {827E0CD3-B72D-47B6-A68D-7590B98EB39B}
		{3B25C644-B295-41E4-9309-9849FF560C86} = {827E0CD3-B72D-47B6-A68D-7590B98EB39B}
		{9961E2F9-7B5F-4642-A984-313639BAB92E} = {827E0CD3-B72D-47B6-A68D-7590B98EB39B}
	EndGlobalSection
EndGlobal
